
Microsoft Visual Studio Solution File, Format Version 12.00
# Visual Studio Version 17
VisualStudioVersion = 17.4.33205.214
MinimumVisualStudioVersion = 10.0.40219.1
Project("{9A19103F-16F7-4668-BE54-9A1E7A4F7556}") = "DB_Web", "DB_Web\DB_Web.csproj", "{50AD6D0D-7DC3-486A-BC4B-8A26232F3D01}"
EndProject
Global
	GlobalSection(SolutionConfigurationPlatforms) = preSolution
		Debug|Any CPU = Debug|Any CPU
		Release|Any CPU = Release|Any CPU
	EndGlobalSection
	GlobalSection(ProjectConfigurationPlatforms) = postSolution
		{50AD6D0D-7DC3-486A-BC4B-8A26232F3D01}.Debug|Any CPU.ActiveCfg = Debug|Any CPU
		{50AD6D0D-7DC3-486A-BC4B-8A26232F3D01}.Debug|Any CPU.Build.0 = Debug|Any CPU
		{50AD6D0D-7DC3-486A-BC4B-8A26232F3D01}.Release|Any CPU.ActiveCfg = Release|Any CPU
		{50AD6D0D-7DC3-486A-BC4B-8A26232F3D01}.Release|Any CPU.Build.0 = Release|Any CPU
	EndGlobalSection
	GlobalSection(SolutionProperties) = preSolution
		HideSolutionNode = FALSE
	EndGlobalSection
	GlobalSection(ExtensibilityGlobals) = postSolution
		SolutionGuid = {6F887C7A-B77A-4DD0-AA77-FA26A2C2281E}
	EndGlobalSection
EndGlobal
